
Microsoft Visual Studio Solution File, Format Version 12.00
# Visual Studio Version 17
VisualStudioVersion = 17.7.34031.279
MinimumVisualStudioVersion = 10.0.40219.1
Project("{8BC9CEB8-8B4A-11D0-8D11-00A0C91BC942}") = "Util-Plus-Plus", "Util-Plus-Plus.vcxproj", "{CCCAA9E9-F788-46CD-9BCB-A7F2EBC9A377}"
EndProject
Project("{2150E333-8FDC-42A3-9474-1A3956D46DE8}") = "Customization", "Customization", "{0158940A-87A2-4A25-949D-9D8DCFFCB834}"
EndProject
Project("{2150E333-8FDC-42A3-9474-1A3956D46DE8}") = "Programs", "Programs", "{D27CEB08-6979-4E59-96A5-B2161D8DEAB0}"
EndProject
Project("{2150E333-8FDC-42A3-9474-1A3956D46DE8}") = "Hotkeys", "Hotkeys", "{D3C13D88-D3E9-4E3B-BBC1-7D0ED364BD32}"
EndProject
Project("{8BC9CEB8-8B4A-11D0-8D11-00A0C91BC942}") = "ChWall", "Customization\ChWall\ChWall.vcxproj", "{9C97BF63-6FFD-46E9-8498-5971951324BD}"
EndProject
Project("{8BC9CEB8-8B4A-11D0-8D11-00A0C91BC942}") = "RlWall", "Customization\RlWall\RlWall.vcxproj", "{41F49DA3-FAB0-46A1-B534-97487F6641DF}"
EndProject
Project("{8BC9CEB8-8B4A-11D0-8D11-00A0C91BC942}") = "ShowSec", "Customization\ShowSec\ShowSec.vcxproj", "{C6BE3197-4908-4293-9711-960FF951535A}"
EndProject
Project("{8BC9CEB8-8B4A-11D0-8D11-00A0C91BC942}") = "AddProgList", "Programs\AddProgList\AddProgList.vcxproj", "{DDB2D30F-943C-4D1E-8495-F7189A773CF7}"
EndProject
Project("{8BC9CEB8-8B4A-11D0-8D11-00A0C91BC942}") = "AddStartup", "Programs\AddStartup\AddAutoStart.vcxproj", "{4FF43F05-68A7-41AC-AC64-5848CA485735}"
EndProject
Project("{8BC9CEB8-8B4A-11D0-8D11-00A0C91BC942}") = "EnableStartup", "Programs\EnableStartup\EnableAutoStart.vcxproj", "{F0667114-A9CD-431E-8388-C549101C77AD}"
EndProject
Project("{8BC9CEB8-8B4A-11D0-8D11-00A0C91BC942}") = "Startup", "Programs\Startup\AutoStart.vcxproj", "{B401B07C-14A4-41D0-B287-534F99862A0D}"
EndProject
Project("{8BC9CEB8-8B4A-11D0-8D11-00A0C91BC942}") = "StartupRunner", "Programs\StartupRunner\StartupRunner.vcxproj", "{A3E6E2AE-114F-4567-AB56-2D7937F2432A}"
EndProject
Project("{8BC9CEB8-8B4A-11D0-8D11-00A0C91BC942}") = "RmAdmSh", "Customization\RmAdmSh\RmAdmSh.vcxproj", "{867589F9-AA10-4E72-8200-07F9441901E2}"
EndProject
Project("{8BC9CEB8-8B4A-11D0-8D11-00A0C91BC942}") = "RmDefTaskbarPins", "Customization\RmDefTaskbarPins\RmDefTaskbarPins.vcxproj", "{401086EC-5329-4302-891E-443479F02A09}"
EndProject
Project("{2150E333-8FDC-42A3-9474-1A3956D46DE8}") = "Misc", "Misc", "{BB0B1F8A-273B-4845-A9C5-31E3F6ECE2D3}"
EndProject
Project("{8BC9CEB8-8B4A-11D0-8D11-00A0C91BC942}") = "EditUI", "Misc\EditUI\EditUI.vcxproj", "{29F1DE94-0E4B-4A4C-BE2E-681257482FD8}"
EndProject
Project("{8BC9CEB8-8B4A-11D0-8D11-00A0C91BC942}") = "LastRel", "Misc\LastRel\LastRel.vcxproj", "{2080B926-E537-4E18-81EF-B52C7EFEC351}"
EndProject
Project("{8BC9CEB8-8B4A-11D0-8D11-00A0C91BC942}") = "OpenSource", "Misc\OpenSource\OpenSource.vcxproj", "{DED253AA-922E-42B0-8835-0CFEF61EAD11}"
EndProject
Project("{8BC9CEB8-8B4A-11D0-8D11-00A0C91BC942}") = "Help", "Misc\Help\Help.vcxproj", "{A511EB36-F174-4BD1-B809-2D2711C28C57}"
EndProject
Project("{8BC9CEB8-8B4A-11D0-8D11-00A0C91BC942}") = "ShBattery", "Customization\ShBattery\ShBattery.vcxproj", "{49268D89-B24B-4454-9F73-1995A0AC103D}"
EndProject
Project("{8BC9CEB8-8B4A-11D0-8D11-00A0C91BC942}") = "BatteryPlusPlus", "Customization\BatteryPlusPlus\BatteryPlusPlus.vcxproj", "{AF5C7DF1-761D-481D-A189-10A9DD281E8A}"
EndProject
Project("{8BC9CEB8-8B4A-11D0-8D11-00A0C91BC942}") = "UtilLauncherHK", "Hotkeys\UtilLauncherHK\UtilLauncherHK.vcxproj", "{2E662252-AD14-41D8-A32F-C1305F537D11}"
EndProject
Project("{8BC9CEB8-8B4A-11D0-8D11-00A0C91BC942}") = "EnableUtilHK", "Hotkeys\EnableUtilHK\EnableUtilHK.vcxproj", "{08E0D3D9-F84B-48E6-B835-D5B73B21A9DF}"
EndProject
Project("{8BC9CEB8-8B4A-11D0-8D11-00A0C91BC942}") = "EnablePwshHK", "Hotkeys\EnablePwshHK\EnablePwshHK.vcxproj", "{B6DB58E3-3443-411E-BA75-76A7F2F491F1}"
EndProject
Project("{8BC9CEB8-8B4A-11D0-8D11-00A0C91BC942}") = "PwshLauncherHK", "Hotkeys\PwshLauncherHK\PwshLauncherHK.vcxproj", "{CD3EA8A1-6587-4494-94E4-33A555BD8052}"
EndProject
Project("{8BC9CEB8-8B4A-11D0-8D11-00A0C91BC942}") = "ProcExpLauncherHK", "Hotkeys\ProcExpLauncherHK\ProcExpLauncherHK.vcxproj", "{6D6AF7CD-1394-4271-9A84-5F75FD1C60D2}"
EndProject
Project("{8BC9CEB8-8B4A-11D0-8D11-00A0C91BC942}") = "EnableProcExpHK", "Hotkeys\EnableProcExpHK\EnableProcExpHK.vcxproj", "{B923528A-9A82-4C38-A118-5C324292BE93}"
EndProject
Project("{8BC9CEB8-8B4A-11D0-8D11-00A0C91BC942}") = "EnablePinWinHK", "Hotkeys\EnablePinWinHK\EnablePinWinHK.vcxproj", "{BED5A062-DB5A-46B4-8ABA-28E5D909E0D1}"
EndProject
Project("{8BC9CEB8-8B4A-11D0-8D11-00A0C91BC942}") = "PinWinHK", "Hotkeys\PinWinHK\PinWinHK.vcxproj", "{0DB1DF0D-C0D2-48A0-8597-97872A338236}"
EndProject
Global
	GlobalSection(SolutionConfigurationPlatforms) = preSolution
		Debug|x64 = Debug|x64
		Debug|x86 = Debug|x86
		Release|x64 = Release|x64
		Release|x86 = Release|x86
	EndGlobalSection
	GlobalSection(ProjectConfigurationPlatforms) = postSolution
		{CCCAA9E9-F788-46CD-9BCB-A7F2EBC9A377}.Debug|x64.ActiveCfg = Debug|x64
		{CCCAA9E9-F788-46CD-9BCB-A7F2EBC9A377}.Debug|x64.Build.0 = Debug|x64
		{CCCAA9E9-F788-46CD-9BCB-A7F2EBC9A377}.Debug|x86.ActiveCfg = Debug|Win32
		{CCCAA9E9-F788-46CD-9BCB-A7F2EBC9A377}.Debug|x86.Build.0 = Debug|Win32
		{CCCAA9E9-F788-46CD-9BCB-A7F2EBC9A377}.Release|x64.ActiveCfg = Release|x64
		{CCCAA9E9-F788-46CD-9BCB-A7F2EBC9A377}.Release|x64.Build.0 = Release|x64
		{CCCAA9E9-F788-46CD-9BCB-A7F2EBC9A377}.Release|x86.ActiveCfg = Release|Win32
		{CCCAA9E9-F788-46CD-9BCB-A7F2EBC9A377}.Release|x86.Build.0 = Release|Win32
		{9C97BF63-6FFD-46E9-8498-5971951324BD}.Debug|x64.ActiveCfg = Debug|x64
		{9C97BF63-6FFD-46E9-8498-5971951324BD}.Debug|x64.Build.0 = Debug|x64
		{9C97BF63-6FFD-46E9-8498-5971951324BD}.Debug|x86.ActiveCfg = Debug|Win32
		{9C97BF63-6FFD-46E9-8498-5971951324BD}.Debug|x86.Build.0 = Debug|Win32
		{9C97BF63-6FFD-46E9-8498-5971951324BD}.Release|x64.ActiveCfg = Release|x64
		{9C97BF63-6FFD-46E9-8498-5971951324BD}.Release|x64.Build.0 = Release|x64
		{9C97BF63-6FFD-46E9-8498-5971951324BD}.Release|x86.ActiveCfg = Release|Win32
		{9C97BF63-6FFD-46E9-8498-5971951324BD}.Release|x86.Build.0 = Release|Win32
		{41F49DA3-FAB0-46A1-B534-97487F6641DF}.Debug|x64.ActiveCfg = Debug|x64
		{41F49DA3-FAB0-46A1-B534-97487F6641DF}.Debug|x64.Build.0 = Debug|x64
		{41F49DA3-FAB0-46A1-B534-97487F6641DF}.Debug|x86.ActiveCfg = Debug|Win32
		{41F49DA3-FAB0-46A1-B534-97487F6641DF}.Debug|x86.Build.0 = Debug|Win32
		{41F49DA3-FAB0-46A1-B534-97487F6641DF}.Release|x64.ActiveCfg = Release|x64
		{41F49DA3-FAB0-46A1-B534-97487F6641DF}.Release|x64.Build.0 = Release|x64
		{41F49DA3-FAB0-46A1-B534-97487F6641DF}.Release|x86.ActiveCfg = Release|Win32
		{41F49DA3-FAB0-46A1-B534-97487F6641DF}.Release|x86.Build.0 = Release|Win32
		{C6BE3197-4908-4293-9711-960FF951535A}.Debug|x64.ActiveCfg = Debug|x64
		{C6BE3197-4908-4293-9711-960FF951535A}.Debug|x64.Build.0 = Debug|x64
		{C6BE3197-4908-4293-9711-960FF951535A}.Debug|x86.ActiveCfg = Debug|Win32
		{C6BE3197-4908-4293-9711-960FF951535A}.Debug|x86.Build.0 = Debug|Win32
		{C6BE3197-4908-4293-9711-960FF951535A}.Release|x64.ActiveCfg = Release|x64
		{C6BE3197-4908-4293-9711-960FF951535A}.Release|x64.Build.0 = Release|x64
		{C6BE3197-4908-4293-9711-960FF951535A}.Release|x86.ActiveCfg = Release|Win32
		{C6BE3197-4908-4293-9711-960FF951535A}.Release|x86.Build.0 = Release|Win32
		{DDB2D30F-943C-4D1E-8495-F7189A773CF7}.Debug|x64.ActiveCfg = Debug|x64
		{DDB2D30F-943C-4D1E-8495-F7189A773CF7}.Debug|x64.Build.0 = Debug|x64
		{DDB2D30F-943C-4D1E-8495-F7189A773CF7}.Debug|x86.ActiveCfg = Debug|Win32
		{DDB2D30F-943C-4D1E-8495-F7189A773CF7}.Debug|x86.Build.0 = Debug|Win32
		{DDB2D30F-943C-4D1E-8495-F7189A773CF7}.Release|x64.ActiveCfg = Release|x64
		{DDB2D30F-943C-4D1E-8495-F7189A773CF7}.Release|x64.Build.0 = Release|x64
		{DDB2D30F-943C-4D1E-8495-F7189A773CF7}.Release|x86.ActiveCfg = Release|Win32
		{DDB2D30F-943C-4D1E-8495-F7189A773CF7}.Release|x86.Build.0 = Release|Win32
		{4FF43F05-68A7-41AC-AC64-5848CA485735}.Debug|x64.ActiveCfg = Debug|x64
		{4FF43F05-68A7-41AC-AC64-5848CA485735}.Debug|x64.Build.0 = Debug|x64
		{4FF43F05-68A7-41AC-AC64-5848CA485735}.Debug|x86.ActiveCfg = Debug|Win32
		{4FF43F05-68A7-41AC-AC64-5848CA485735}.Debug|x86.Build.0 = Debug|Win32
		{4FF43F05-68A7-41AC-AC64-5848CA485735}.Release|x64.ActiveCfg = Release|x64
		{4FF43F05-68A7-41AC-AC64-5848CA485735}.Release|x64.Build.0 = Release|x64
		{4FF43F05-68A7-41AC-AC64-5848CA485735}.Release|x86.ActiveCfg = Release|Win32
		{4FF43F05-68A7-41AC-AC64-5848CA485735}.Release|x86.Build.0 = Release|Win32
		{F0667114-A9CD-431E-8388-C549101C77AD}.Debug|x64.ActiveCfg = Debug|x64
		{F0667114-A9CD-431E-8388-C549101C77AD}.Debug|x64.Build.0 = Debug|x64
		{F0667114-A9CD-431E-8388-C549101C77AD}.Debug|x86.ActiveCfg = Debug|Win32
		{F0667114-A9CD-431E-8388-C549101C77AD}.Debug|x86.Build.0 = Debug|Win32
		{F0667114-A9CD-431E-8388-C549101C77AD}.Release|x64.ActiveCfg = Release|x64
		{F0667114-A9CD-431E-8388-C549101C77AD}.Release|x64.Build.0 = Release|x64
		{F0667114-A9CD-431E-8388-C549101C77AD}.Release|x86.ActiveCfg = Release|Win32
		{F0667114-A9CD-431E-8388-C549101C77AD}.Release|x86.Build.0 = Release|Win32
		{B401B07C-14A4-41D0-B287-534F99862A0D}.Debug|x64.ActiveCfg = Debug|x64
		{B401B07C-14A4-41D0-B287-534F99862A0D}.Debug|x64.Build.0 = Debug|x64
		{B401B07C-14A4-41D0-B287-534F99862A0D}.Debug|x86.ActiveCfg = Debug|Win32
		{B401B07C-14A4-41D0-B287-534F99862A0D}.Debug|x86.Build.0 = Debug|Win32
		{B401B07C-14A4-41D0-B287-534F99862A0D}.Release|x64.ActiveCfg = Release|x64
		{B401B07C-14A4-41D0-B287-534F99862A0D}.Release|x64.Build.0 = Release|x64
		{B401B07C-14A4-41D0-B287-534F99862A0D}.Release|x86.ActiveCfg = Release|Win32
		{B401B07C-14A4-41D0-B287-534F99862A0D}.Release|x86.Build.0 = Release|Win32
		{A3E6E2AE-114F-4567-AB56-2D7937F2432A}.Debug|x64.ActiveCfg = Debug|x64
		{A3E6E2AE-114F-4567-AB56-2D7937F2432A}.Debug|x64.Build.0 = Debug|x64
		{A3E6E2AE-114F-4567-AB56-2D7937F2432A}.Debug|x86.ActiveCfg = Debug|Win32
		{A3E6E2AE-114F-4567-AB56-2D7937F2432A}.Debug|x86.Build.0 = Debug|Win32
		{A3E6E2AE-114F-4567-AB56-2D7937F2432A}.Release|x64.ActiveCfg = Release|x64
		{A3E6E2AE-114F-4567-AB56-2D7937F2432A}.Release|x64.Build.0 = Release|x64
		{A3E6E2AE-114F-4567-AB56-2D7937F2432A}.Release|x86.ActiveCfg = Release|Win32
		{A3E6E2AE-114F-4567-AB56-2D7937F2432A}.Release|x86.Build.0 = Release|Win32
		{867589F9-AA10-4E72-8200-07F9441901E2}.Debug|x64.ActiveCfg = Debug|x64
		{867589F9-AA10-4E72-8200-07F9441901E2}.Debug|x64.Build.0 = Debug|x64
		{867589F9-AA10-4E72-8200-07F9441901E2}.Debug|x86.ActiveCfg = Debug|Win32
		{867589F9-AA10-4E72-8200-07F9441901E2}.Debug|x86.Build.0 = Debug|Win32
		{867589F9-AA10-4E72-8200-07F9441901E2}.Release|x64.ActiveCfg = Release|x64
		{867589F9-AA10-4E72-8200-07F9441901E2}.Release|x64.Build.0 = Release|x64
		{867589F9-AA10-4E72-8200-07F9441901E2}.Release|x86.ActiveCfg = Release|Win32
		{867589F9-AA10-4E72-8200-07F9441901E2}.Release|x86.Build.0 = Release|Win32
		{401086EC-5329-4302-891E-443479F02A09}.Debug|x64.ActiveCfg = Debug|x64
		{401086EC-5329-4302-891E-443479F02A09}.Debug|x64.Build.0 = Debug|x64
		{401086EC-5329-4302-891E-443479F02A09}.Debug|x86.ActiveCfg = Debug|Win32
		{401086EC-5329-4302-891E-443479F02A09}.Debug|x86.Build.0 = Debug|Win32
		{401086EC-5329-4302-891E-443479F02A09}.Release|x64.ActiveCfg = Release|x64
		{401086EC-5329-4302-891E-443479F02A09}.Release|x64.Build.0 = Release|x64
		{401086EC-5329-4302-891E-443479F02A09}.Release|x86.ActiveCfg = Release|Win32
		{401086EC-5329-4302-891E-443479F02A09}.Release|x86.Build.0 = Release|Win32
		{29F1DE94-0E4B-4A4C-BE2E-681257482FD8}.Debug|x64.ActiveCfg = Debug|x64
		{29F1DE94-0E4B-4A4C-BE2E-681257482FD8}.Debug|x64.Build.0 = Debug|x64
		{29F1DE94-0E4B-4A4C-BE2E-681257482FD8}.Debug|x86.ActiveCfg = Debug|Win32
		{29F1DE94-0E4B-4A4C-BE2E-681257482FD8}.Debug|x86.Build.0 = Debug|Win32
		{29F1DE94-0E4B-4A4C-BE2E-681257482FD8}.Release|x64.ActiveCfg = Release|x64
		{29F1DE94-0E4B-4A4C-BE2E-681257482FD8}.Release|x64.Build.0 = Release|x64
		{29F1DE94-0E4B-4A4C-BE2E-681257482FD8}.Release|x86.ActiveCfg = Release|Win32
		{29F1DE94-0E4B-4A4C-BE2E-681257482FD8}.Release|x86.Build.0 = Release|Win32
		{2080B926-E537-4E18-81EF-B52C7EFEC351}.Debug|x64.ActiveCfg = Debug|x64
		{2080B926-E537-4E18-81EF-B52C7EFEC351}.Debug|x64.Build.0 = Debug|x64
		{2080B926-E537-4E18-81EF-B52C7EFEC351}.Debug|x86.ActiveCfg = Debug|Win32
		{2080B926-E537-4E18-81EF-B52C7EFEC351}.Debug|x86.Build.0 = Debug|Win32
		{2080B926-E537-4E18-81EF-B52C7EFEC351}.Release|x64.ActiveCfg = Release|x64
		{2080B926-E537-4E18-81EF-B52C7EFEC351}.Release|x64.Build.0 = Release|x64
		{2080B926-E537-4E18-81EF-B52C7EFEC351}.Release|x86.ActiveCfg = Release|Win32
		{2080B926-E537-4E18-81EF-B52C7EFEC351}.Release|x86.Build.0 = Release|Win32
		{DED253AA-922E-42B0-8835-0CFEF61EAD11}.Debug|x64.ActiveCfg = Debug|x64
		{DED253AA-922E-42B0-8835-0CFEF61EAD11}.Debug|x64.Build.0 = Debug|x64
		{DED253AA-922E-42B0-8835-0CFEF61EAD11}.Debug|x86.ActiveCfg = Debug|Win32
		{DED253AA-922E-42B0-8835-0CFEF61EAD11}.Debug|x86.Build.0 = Debug|Win32
		{DED253AA-922E-42B0-8835-0CFEF61EAD11}.Release|x64.ActiveCfg = Release|x64
		{DED253AA-922E-42B0-8835-0CFEF61EAD11}.Release|x64.Build.0 = Release|x64
		{DED253AA-922E-42B0-8835-0CFEF61EAD11}.Release|x86.ActiveCfg = Release|Win32
		{DED253AA-922E-42B0-8835-0CFEF61EAD11}.Release|x86.Build.0 = Release|Win32
		{A511EB36-F174-4BD1-B809-2D2711C28C57}.Debug|x64.ActiveCfg = Debug|x64
		{A511EB36-F174-4BD1-B809-2D2711C28C57}.Debug|x64.Build.0 = Debug|x64
		{A511EB36-F174-4BD1-B809-2D2711C28C57}.Debug|x86.ActiveCfg = Debug|Win32
		{A511EB36-F174-4BD1-B809-2D2711C28C57}.Debug|x86.Build.0 = Debug|Win32
		{A511EB36-F174-4BD1-B809-2D2711C28C57}.Release|x64.ActiveCfg = Release|x64
		{A511EB36-F174-4BD1-B809-2D2711C28C57}.Release|x64.Build.0 = Release|x64
		{A511EB36-F174-4BD1-B809-2D2711C28C57}.Release|x86.ActiveCfg = Release|Win32
		{A511EB36-F174-4BD1-B809-2D2711C28C57}.Release|x86.Build.0 = Release|Win32
		{49268D89-B24B-4454-9F73-1995A0AC103D}.Debug|x64.ActiveCfg = Debug|x64
		{49268D89-B24B-4454-9F73-1995A0AC103D}.Debug|x64.Build.0 = Debug|x64
		{49268D89-B24B-4454-9F73-1995A0AC103D}.Debug|x86.ActiveCfg = Debug|Win32
		{49268D89-B24B-4454-9F73-1995A0AC103D}.Debug|x86.Build.0 = Debug|Win32
		{49268D89-B24B-4454-9F73-1995A0AC103D}.Release|x64.ActiveCfg = Release|x64
		{49268D89-B24B-4454-9F73-1995A0AC103D}.Release|x64.Build.0 = Release|x64
		{49268D89-B24B-4454-9F73-1995A0AC103D}.Release|x86.ActiveCfg = Release|Win32
		{49268D89-B24B-4454-9F73-1995A0AC103D}.Release|x86.Build.0 = Release|Win32
		{AF5C7DF1-761D-481D-A189-10A9DD281E8A}.Debug|x64.ActiveCfg = Debug|x64
		{AF5C7DF1-761D-481D-A189-10A9DD281E8A}.Debug|x64.Build.0 = Debug|x64
		{AF5C7DF1-761D-481D-A189-10A9DD281E8A}.Debug|x86.ActiveCfg = Debug|Win32
		{AF5C7DF1-761D-481D-A189-10A9DD281E8A}.Debug|x86.Build.0 = Debug|Win32
		{AF5C7DF1-761D-481D-A189-10A9DD281E8A}.Release|x64.ActiveCfg = Release|x64
		{AF5C7DF1-761D-481D-A189-10A9DD281E8A}.Release|x64.Build.0 = Release|x64
		{AF5C7DF1-761D-481D-A189-10A9DD281E8A}.Release|x86.ActiveCfg = Release|Win32
		{AF5C7DF1-761D-481D-A189-10A9DD281E8A}.Release|x86.Build.0 = Release|Win32
		{2E662252-AD14-41D8-A32F-C1305F537D11}.Debug|x64.ActiveCfg = Debug|x64
		{2E662252-AD14-41D8-A32F-C1305F537D11}.Debug|x64.Build.0 = Debug|x64
		{2E662252-AD14-41D8-A32F-C1305F537D11}.Debug|x86.ActiveCfg = Debug|Win32
		{2E662252-AD14-41D8-A32F-C1305F537D11}.Debug|x86.Build.0 = Debug|Win32
		{2E662252-AD14-41D8-A32F-C1305F537D11}.Release|x64.ActiveCfg = Release|x64
		{2E662252-AD14-41D8-A32F-C1305F537D11}.Release|x64.Build.0 = Release|x64
		{2E662252-AD14-41D8-A32F-C1305F537D11}.Release|x86.ActiveCfg = Release|Win32
		{2E662252-AD14-41D8-A32F-C1305F537D11}.Release|x86.Build.0 = Release|Win32
		{08E0D3D9-F84B-48E6-B835-D5B73B21A9DF}.Debug|x64.ActiveCfg = Debug|x64
		{08E0D3D9-F84B-48E6-B835-D5B73B21A9DF}.Debug|x64.Build.0 = Debug|x64
		{08E0D3D9-F84B-48E6-B835-D5B73B21A9DF}.Debug|x86.ActiveCfg = Debug|Win32
		{08E0D3D9-F84B-48E6-B835-D5B73B21A9DF}.Debug|x86.Build.0 = Debug|Win32
		{08E0D3D9-F84B-48E6-B835-D5B73B21A9DF}.Release|x64.ActiveCfg = Release|x64
		{08E0D3D9-F84B-48E6-B835-D5B73B21A9DF}.Release|x64.Build.0 = Release|x64
		{08E0D3D9-F84B-48E6-B835-D5B73B21A9DF}.Release|x86.ActiveCfg = Release|Win32
		{08E0D3D9-F84B-48E6-B835-D5B73B21A9DF}.Release|x86.Build.0 = Release|Win32
		{B6DB58E3-3443-411E-BA75-76A7F2F491F1}.Debug|x64.ActiveCfg = Debug|x64
		{B6DB58E3-3443-411E-BA75-76A7F2F491F1}.Debug|x64.Build.0 = Debug|x64
		{B6DB58E3-3443-411E-BA75-76A7F2F491F1}.Debug|x86.ActiveCfg = Debug|Win32
		{B6DB58E3-3443-411E-BA75-76A7F2F491F1}.Debug|x86.Build.0 = Debug|Win32
		{B6DB58E3-3443-411E-BA75-76A7F2F491F1}.Release|x64.ActiveCfg = Release|x64
		{B6DB58E3-3443-411E-BA75-76A7F2F491F1}.Release|x64.Build.0 = Release|x64
		{B6DB58E3-3443-411E-BA75-76A7F2F491F1}.Release|x86.ActiveCfg = Release|Win32
		{B6DB58E3-3443-411E-BA75-76A7F2F491F1}.Release|x86.Build.0 = Release|Win32
		{CD3EA8A1-6587-4494-94E4-33A555BD8052}.Debug|x64.ActiveCfg = Debug|x64
		{CD3EA8A1-6587-4494-94E4-33A555BD8052}.Debug|x64.Build.0 = Debug|x64
		{CD3EA8A1-6587-4494-94E4-33A555BD8052}.Debug|x86.ActiveCfg = Debug|Win32
		{CD3EA8A1-6587-4494-94E4-33A555BD8052}.Debug|x86.Build.0 = Debug|Win32
		{CD3EA8A1-6587-4494-94E4-33A555BD8052}.Release|x64.ActiveCfg = Release|x64
		{CD3EA8A1-6587-4494-94E4-33A555BD8052}.Release|x64.Build.0 = Release|x64
		{CD3EA8A1-6587-4494-94E4-33A555BD8052}.Release|x86.ActiveCfg = Release|Win32
		{CD3EA8A1-6587-4494-94E4-33A555BD8052}.Release|x86.Build.0 = Release|Win32
		{6D6AF7CD-1394-4271-9A84-5F75FD1C60D2}.Debug|x64.ActiveCfg = Debug|x64
		{6D6AF7CD-1394-4271-9A84-5F75FD1C60D2}.Debug|x64.Build.0 = Debug|x64
		{6D6AF7CD-1394-4271-9A84-5F75FD1C60D2}.Debug|x86.ActiveCfg = Debug|Win32
		{6D6AF7CD-1394-4271-9A84-5F75FD1C60D2}.Debug|x86.Build.0 = Debug|Win32
		{6D6AF7CD-1394-4271-9A84-5F75FD1C60D2}.Release|x64.ActiveCfg = Release|x64
		{6D6AF7CD-1394-4271-9A84-5F75FD1C60D2}.Release|x64.Build.0 = Release|x64
		{6D6AF7CD-1394-4271-9A84-5F75FD1C60D2}.Release|x86.ActiveCfg = Release|Win32
		{6D6AF7CD-1394-4271-9A84-5F75FD1C60D2}.Release|x86.Build.0 = Release|Win32
		{B923528A-9A82-4C38-A118-5C324292BE93}.Debug|x64.ActiveCfg = Debug|x64
		{B923528A-9A82-4C38-A118-5C324292BE93}.Debug|x64.Build.0 = Debug|x64
		{B923528A-9A82-4C38-A118-5C324292BE93}.Debug|x86.ActiveCfg = Debug|Win32
		{B923528A-9A82-4C38-A118-5C324292BE93}.Debug|x86.Build.0 = Debug|Win32
		{B923528A-9A82-4C38-A118-5C324292BE93}.Release|x64.ActiveCfg = Release|x64
		{B923528A-9A82-4C38-A118-5C324292BE93}.Release|x64.Build.0 = Release|x64
		{B923528A-9A82-4C38-A118-5C324292BE93}.Release|x86.ActiveCfg = Release|Win32
		{B923528A-9A82-4C38-A118-5C324292BE93}.Release|x86.Build.0 = Release|Win32
		{BED5A062-DB5A-46B4-8ABA-28E5D909E0D1}.Debug|x64.ActiveCfg = Debug|x64
		{BED5A062-DB5A-46B4-8ABA-28E5D909E0D1}.Debug|x64.Build.0 = Debug|x64
		{BED5A062-DB5A-46B4-8ABA-28E5D909E0D1}.Debug|x86.ActiveCfg = Debug|Win32
		{BED5A062-DB5A-46B4-8ABA-28E5D909E0D1}.Debug|x86.Build.0 = Debug|Win32
		{BED5A062-DB5A-46B4-8ABA-28E5D909E0D1}.Release|x64.ActiveCfg = Release|x64
		{BED5A062-DB5A-46B4-8ABA-28E5D909E0D1}.Release|x64.Build.0 = Release|x64
		{BED5A062-DB5A-46B4-8ABA-28E5D909E0D1}.Release|x86.ActiveCfg = Release|Win32
		{BED5A062-DB5A-46B4-8ABA-28E5D909E0D1}.Release|x86.Build.0 = Release|Win32
		{0DB1DF0D-C0D2-48A0-8597-97872A338236}.Debug|x64.ActiveCfg = Debug|x64
		{0DB1DF0D-C0D2-48A0-8597-97872A338236}.Debug|x64.Build.0 = Debug|x64
		{0DB1DF0D-C0D2-48A0-8597-97872A338236}.Debug|x86.ActiveCfg = Debug|Win32
		{0DB1DF0D-C0D2-48A0-8597-97872A338236}.Debug|x86.Build.0 = Debug|Win32
		{0DB1DF0D-C0D2-48A0-8597-97872A338236}.Release|x64.ActiveCfg = Release|x64
		{0DB1DF0D-C0D2-48A0-8597-97872A338236}.Release|x64.Build.0 = Release|x64
		{0DB1DF0D-C0D2-48A0-8597-97872A338236}.Release|x86.ActiveCfg = Release|Win32
		{0DB1DF0D-C0D2-48A0-8597-97872A338236}.Release|x86.Build.0 = Release|Win32
	EndGlobalSection
	GlobalSection(SolutionProperties) = preSolution
		HideSolutionNode = FALSE
	EndGlobalSection
	GlobalSection(NestedProjects) = preSolution
		{9C97BF63-6FFD-46E9-8498-5971951324BD} = {0158940A-87A2-4A25-949D-9D8DCFFCB834}
		{41F49DA3-FAB0-46A1-B534-97487F6641DF} = {0158940A-87A2-4A25-949D-9D8DCFFCB834}
		{C6BE3197-4908-4293-9711-960FF951535A} = {0158940A-87A2-4A25-949D-9D8DCFFCB834}
		{DDB2D30F-943C-4D1E-8495-F7189A773CF7} = {D27CEB08-6979-4E59-96A5-B2161D8DEAB0}
		{4FF43F05-68A7-41AC-AC64-5848CA485735} = {D27CEB08-6979-4E59-96A5-B2161D8DEAB0}
		{F0667114-A9CD-431E-8388-C549101C77AD} = {D27CEB08-6979-4E59-96A5-B2161D8DEAB0}
		{B401B07C-14A4-41D0-B287-534F99862A0D} = {D27CEB08-6979-4E59-96A5-B2161D8DEAB0}
		{A3E6E2AE-114F-4567-AB56-2D7937F2432A} = {D27CEB08-6979-4E59-96A5-B2161D8DEAB0}
		{867589F9-AA10-4E72-8200-07F9441901E2} = {0158940A-87A2-4A25-949D-9D8DCFFCB834}
		{401086EC-5329-4302-891E-443479F02A09} = {0158940A-87A2-4A25-949D-9D8DCFFCB834}
		{29F1DE94-0E4B-4A4C-BE2E-681257482FD8} = {BB0B1F8A-273B-4845-A9C5-31E3F6ECE2D3}
		{2080B926-E537-4E18-81EF-B52C7EFEC351} = {BB0B1F8A-273B-4845-A9C5-31E3F6ECE2D3}
		{DED253AA-922E-42B0-8835-0CFEF61EAD11} = {BB0B1F8A-273B-4845-A9C5-31E3F6ECE2D3}
		{A511EB36-F174-4BD1-B809-2D2711C28C57} = {BB0B1F8A-273B-4845-A9C5-31E3F6ECE2D3}
		{49268D89-B24B-4454-9F73-1995A0AC103D} = {0158940A-87A2-4A25-949D-9D8DCFFCB834}
		{AF5C7DF1-761D-481D-A189-10A9DD281E8A} = {0158940A-87A2-4A25-949D-9D8DCFFCB834}
		{2E662252-AD14-41D8-A32F-C1305F537D11} = {D3C13D88-D3E9-4E3B-BBC1-7D0ED364BD32}
		{08E0D3D9-F84B-48E6-B835-D5B73B21A9DF} = {D3C13D88-D3E9-4E3B-BBC1-7D0ED364BD32}
		{B6DB58E3-3443-411E-BA75-76A7F2F491F1} = {D3C13D88-D3E9-4E3B-BBC1-7D0ED364BD32}
		{CD3EA8A1-6587-4494-94E4-33A555BD8052} = {D3C13D88-D3E9-4E3B-BBC1-7D0ED364BD32}
		{6D6AF7CD-1394-4271-9A84-5F75FD1C60D2} = {D3C13D88-D3E9-4E3B-BBC1-7D0ED364BD32}
		{B923528A-9A82-4C38-A118-5C324292BE93} = {D3C13D88-D3E9-4E3B-BBC1-7D0ED364BD32}
		{BED5A062-DB5A-46B4-8ABA-28E5D909E0D1} = {D3C13D88-D3E9-4E3B-BBC1-7D0ED364BD32}
		{0DB1DF0D-C0D2-48A0-8597-97872A338236} = {D3C13D88-D3E9-4E3B-BBC1-7D0ED364BD32}
	EndGlobalSection
	GlobalSection(ExtensibilityGlobals) = postSolution
		SolutionGuid = {D529919B-47AA-4B37-9976-438BBB661367}
	EndGlobalSection
EndGlobal
