
Microsoft Visual Studio Solution File, Format Version 12.00
# Visual Studio Version 17
VisualStudioVersion = 17.7.34031.279
MinimumVisualStudioVersion = 10.0.40219.1
Project("{8BC9CEB8-8B4A-11D0-8D11-00A0C91BC942}") = "Util++", "Util++.vcxproj", "{CCCAA9E9-F788-46CD-9BCB-A7F2EBC9A377}"
EndProject
Project("{8BC9CEB8-8B4A-11D0-8D11-00A0C91BC942}") = "RlWall", "RlWall\RlWall.vcxproj", "{41F49DA3-FAB0-46A1-B534-97487F6641DF}"
EndProject
Project("{8BC9CEB8-8B4A-11D0-8D11-00A0C91BC942}") = "ChWall", "ChWall\ChWall.vcxproj", "{9C97BF63-6FFD-46E9-8498-5971951324BD}"
EndProject
Project("{8BC9CEB8-8B4A-11D0-8D11-00A0C91BC942}") = "ShowSec", "ShowSec\ShowSec.vcxproj", "{C6BE3197-4908-4293-9711-960FF951535A}"
EndProject
Project("{8BC9CEB8-8B4A-11D0-8D11-00A0C91BC942}") = "Q_ShowSec", "Q_ShowSec\Q_ShowSec.vcxproj", "{98C2478D-744F-40E8-9533-37EDE62027F4}"
EndProject
Global
	GlobalSection(SolutionConfigurationPlatforms) = preSolution
		Debug|x64 = Debug|x64
		Debug|x86 = Debug|x86
		Release|x64 = Release|x64
		Release|x86 = Release|x86
	EndGlobalSection
	GlobalSection(ProjectConfigurationPlatforms) = postSolution
		{CCCAA9E9-F788-46CD-9BCB-A7F2EBC9A377}.Debug|x64.ActiveCfg = Debug|x64
		{CCCAA9E9-F788-46CD-9BCB-A7F2EBC9A377}.Debug|x64.Build.0 = Debug|x64
		{CCCAA9E9-F788-46CD-9BCB-A7F2EBC9A377}.Debug|x86.ActiveCfg = Debug|Win32
		{CCCAA9E9-F788-46CD-9BCB-A7F2EBC9A377}.Debug|x86.Build.0 = Debug|Win32
		{CCCAA9E9-F788-46CD-9BCB-A7F2EBC9A377}.Release|x64.ActiveCfg = Release|x64
		{CCCAA9E9-F788-46CD-9BCB-A7F2EBC9A377}.Release|x64.Build.0 = Release|x64
		{CCCAA9E9-F788-46CD-9BCB-A7F2EBC9A377}.Release|x86.ActiveCfg = Release|Win32
		{CCCAA9E9-F788-46CD-9BCB-A7F2EBC9A377}.Release|x86.Build.0 = Release|Win32
		{41F49DA3-FAB0-46A1-B534-97487F6641DF}.Debug|x64.ActiveCfg = Debug|x64
		{41F49DA3-FAB0-46A1-B534-97487F6641DF}.Debug|x64.Build.0 = Debug|x64
		{41F49DA3-FAB0-46A1-B534-97487F6641DF}.Debug|x86.ActiveCfg = Debug|Win32
		{41F49DA3-FAB0-46A1-B534-97487F6641DF}.Debug|x86.Build.0 = Debug|Win32
		{41F49DA3-FAB0-46A1-B534-97487F6641DF}.Release|x64.ActiveCfg = Release|x64
		{41F49DA3-FAB0-46A1-B534-97487F6641DF}.Release|x64.Build.0 = Release|x64
		{41F49DA3-FAB0-46A1-B534-97487F6641DF}.Release|x86.ActiveCfg = Release|Win32
		{41F49DA3-FAB0-46A1-B534-97487F6641DF}.Release|x86.Build.0 = Release|Win32
		{9C97BF63-6FFD-46E9-8498-5971951324BD}.Debug|x64.ActiveCfg = Debug|x64
		{9C97BF63-6FFD-46E9-8498-5971951324BD}.Debug|x64.Build.0 = Debug|x64
		{9C97BF63-6FFD-46E9-8498-5971951324BD}.Debug|x86.ActiveCfg = Debug|Win32
		{9C97BF63-6FFD-46E9-8498-5971951324BD}.Debug|x86.Build.0 = Debug|Win32
		{9C97BF63-6FFD-46E9-8498-5971951324BD}.Release|x64.ActiveCfg = Release|x64
		{9C97BF63-6FFD-46E9-8498-5971951324BD}.Release|x64.Build.0 = Release|x64
		{9C97BF63-6FFD-46E9-8498-5971951324BD}.Release|x86.ActiveCfg = Release|Win32
		{9C97BF63-6FFD-46E9-8498-5971951324BD}.Release|x86.Build.0 = Release|Win32
		{C6BE3197-4908-4293-9711-960FF951535A}.Debug|x64.ActiveCfg = Debug|x64
		{C6BE3197-4908-4293-9711-960FF951535A}.Debug|x64.Build.0 = Debug|x64
		{C6BE3197-4908-4293-9711-960FF951535A}.Debug|x86.ActiveCfg = Debug|Win32
		{C6BE3197-4908-4293-9711-960FF951535A}.Debug|x86.Build.0 = Debug|Win32
		{C6BE3197-4908-4293-9711-960FF951535A}.Release|x64.ActiveCfg = Release|x64
		{C6BE3197-4908-4293-9711-960FF951535A}.Release|x64.Build.0 = Release|x64
		{C6BE3197-4908-4293-9711-960FF951535A}.Release|x86.ActiveCfg = Release|Win32
		{C6BE3197-4908-4293-9711-960FF951535A}.Release|x86.Build.0 = Release|Win32
		{98C2478D-744F-40E8-9533-37EDE62027F4}.Debug|x64.ActiveCfg = Debug|x64
		{98C2478D-744F-40E8-9533-37EDE62027F4}.Debug|x64.Build.0 = Debug|x64
		{98C2478D-744F-40E8-9533-37EDE62027F4}.Debug|x86.ActiveCfg = Debug|Win32
		{98C2478D-744F-40E8-9533-37EDE62027F4}.Debug|x86.Build.0 = Debug|Win32
		{98C2478D-744F-40E8-9533-37EDE62027F4}.Release|x64.ActiveCfg = Release|x64
		{98C2478D-744F-40E8-9533-37EDE62027F4}.Release|x64.Build.0 = Release|x64
		{98C2478D-744F-40E8-9533-37EDE62027F4}.Release|x86.ActiveCfg = Release|Win32
		{98C2478D-744F-40E8-9533-37EDE62027F4}.Release|x86.Build.0 = Release|Win32
	EndGlobalSection
	GlobalSection(SolutionProperties) = preSolution
		HideSolutionNode = FALSE
	EndGlobalSection
	GlobalSection(ExtensibilityGlobals) = postSolution
		SolutionGuid = {D529919B-47AA-4B37-9976-438BBB661367}
	EndGlobalSection
EndGlobal
