
Microsoft Visual Studio Solution File, Format Version 12.00
# Visual Studio Version 17
VisualStudioVersion = 17.7.34031.279
MinimumVisualStudioVersion = 10.0.40219.1
Project("{8BC9CEB8-8B4A-11D0-8D11-00A0C91BC942}") = "Util++", "Util++.vcxproj", "{CCCAA9E9-F788-46CD-9BCB-A7F2EBC9A377}"
EndProject
Project("{2150E333-8FDC-42A3-9474-1A3956D46DE8}") = "Customization", "Customization", "{0158940A-87A2-4A25-949D-9D8DCFFCB834}"
EndProject
Project("{2150E333-8FDC-42A3-9474-1A3956D46DE8}") = "Programs", "Programs", "{D27CEB08-6979-4E59-96A5-B2161D8DEAB0}"
EndProject
Project("{2150E333-8FDC-42A3-9474-1A3956D46DE8}") = "Hotkeys", "Hotkeys", "{D3C13D88-D3E9-4E3B-BBC1-7D0ED364BD32}"
EndProject
Project("{2150E333-8FDC-42A3-9474-1A3956D46DE8}") = "Edit Layout", "Edit Layout", "{191A2754-AB50-40F8-9450-987759668248}"
EndProject
Project("{2150E333-8FDC-42A3-9474-1A3956D46DE8}") = "Source Code", "Source Code", "{A368AAD2-CF1D-4311-802F-010E42340934}"
EndProject
Project("{8BC9CEB8-8B4A-11D0-8D11-00A0C91BC942}") = "ChWall", "Customization\ChWall\ChWall.vcxproj", "{9C97BF63-6FFD-46E9-8498-5971951324BD}"
EndProject
Project("{8BC9CEB8-8B4A-11D0-8D11-00A0C91BC942}") = "Q_ShowSec", "Customization\Q_ShowSec\Q_ShowSec.vcxproj", "{98C2478D-744F-40E8-9533-37EDE62027F4}"
EndProject
Project("{8BC9CEB8-8B4A-11D0-8D11-00A0C91BC942}") = "RlWall", "Customization\RlWall\RlWall.vcxproj", "{41F49DA3-FAB0-46A1-B534-97487F6641DF}"
EndProject
Project("{8BC9CEB8-8B4A-11D0-8D11-00A0C91BC942}") = "ShowSec", "Customization\ShowSec\ShowSec.vcxproj", "{C6BE3197-4908-4293-9711-960FF951535A}"
EndProject
Project("{8BC9CEB8-8B4A-11D0-8D11-00A0C91BC942}") = "EditUI", "Edit Layout\EditUI\EditUI.vcxproj", "{29F1DE94-0E4B-4A4C-BE2E-681257482FD8}"
EndProject
Project("{8BC9CEB8-8B4A-11D0-8D11-00A0C91BC942}") = "ResetUI", "Edit Layout\ResetUI\ResetUI.vcxproj", "{F0CC74DB-9F9B-4D0F-B24B-885E4B329243}"
EndProject
Project("{8BC9CEB8-8B4A-11D0-8D11-00A0C91BC942}") = "AddProgList", "Programs\AddProgList\AddProgList.vcxproj", "{DDB2D30F-943C-4D1E-8495-F7189A773CF7}"
EndProject
Project("{8BC9CEB8-8B4A-11D0-8D11-00A0C91BC942}") = "AddStartup", "Programs\AddStartup\AddAutoStart.vcxproj", "{4FF43F05-68A7-41AC-AC64-5848CA485735}"
EndProject
Project("{8BC9CEB8-8B4A-11D0-8D11-00A0C91BC942}") = "EnableStartup", "Programs\EnableStartup\EnableAutoStart.vcxproj", "{F0667114-A9CD-431E-8388-C549101C77AD}"
EndProject
Project("{8BC9CEB8-8B4A-11D0-8D11-00A0C91BC942}") = "Q_EnableStartup", "Programs\Q_EnableStartup\Q_EnableAutoStart.vcxproj", "{0886066E-E9B6-40B4-A8C2-31A8E2E70823}"
EndProject
Project("{8BC9CEB8-8B4A-11D0-8D11-00A0C91BC942}") = "RmDefTaskbarPins", "Programs\RmDefTaskbarPins\RmDefTaskbarPins.vcxproj", "{401086EC-5329-4302-891E-443479F02A09}"
EndProject
Project("{8BC9CEB8-8B4A-11D0-8D11-00A0C91BC942}") = "Startup", "Programs\Startup\AutoStart.vcxproj", "{B401B07C-14A4-41D0-B287-534F99862A0D}"
EndProject
Project("{8BC9CEB8-8B4A-11D0-8D11-00A0C91BC942}") = "StartupRunner", "Programs\StartupRunner\StartupRunner.vcxproj", "{A3E6E2AE-114F-4567-AB56-2D7937F2432A}"
EndProject
Project("{8BC9CEB8-8B4A-11D0-8D11-00A0C91BC942}") = "LastRel", "Source Code\LastRel\LastRel.vcxproj", "{2080B926-E537-4E18-81EF-B52C7EFEC351}"
EndProject
Project("{8BC9CEB8-8B4A-11D0-8D11-00A0C91BC942}") = "OpenSource", "Source Code\OpenSource\OpenSource.vcxproj", "{DED253AA-922E-42B0-8835-0CFEF61EAD11}"
EndProject
Global
	GlobalSection(SolutionConfigurationPlatforms) = preSolution
		Debug|x64 = Debug|x64
		Debug|x86 = Debug|x86
		Release|x64 = Release|x64
		Release|x86 = Release|x86
	EndGlobalSection
	GlobalSection(ProjectConfigurationPlatforms) = postSolution
		{CCCAA9E9-F788-46CD-9BCB-A7F2EBC9A377}.Debug|x64.ActiveCfg = Debug|x64
		{CCCAA9E9-F788-46CD-9BCB-A7F2EBC9A377}.Debug|x64.Build.0 = Debug|x64
		{CCCAA9E9-F788-46CD-9BCB-A7F2EBC9A377}.Debug|x86.ActiveCfg = Debug|Win32
		{CCCAA9E9-F788-46CD-9BCB-A7F2EBC9A377}.Debug|x86.Build.0 = Debug|Win32
		{CCCAA9E9-F788-46CD-9BCB-A7F2EBC9A377}.Release|x64.ActiveCfg = Release|x64
		{CCCAA9E9-F788-46CD-9BCB-A7F2EBC9A377}.Release|x64.Build.0 = Release|x64
		{CCCAA9E9-F788-46CD-9BCB-A7F2EBC9A377}.Release|x86.ActiveCfg = Release|Win32
		{CCCAA9E9-F788-46CD-9BCB-A7F2EBC9A377}.Release|x86.Build.0 = Release|Win32
		{9C97BF63-6FFD-46E9-8498-5971951324BD}.Debug|x64.ActiveCfg = Debug|x64
		{9C97BF63-6FFD-46E9-8498-5971951324BD}.Debug|x64.Build.0 = Debug|x64
		{9C97BF63-6FFD-46E9-8498-5971951324BD}.Debug|x86.ActiveCfg = Debug|Win32
		{9C97BF63-6FFD-46E9-8498-5971951324BD}.Debug|x86.Build.0 = Debug|Win32
		{9C97BF63-6FFD-46E9-8498-5971951324BD}.Release|x64.ActiveCfg = Release|x64
		{9C97BF63-6FFD-46E9-8498-5971951324BD}.Release|x64.Build.0 = Release|x64
		{9C97BF63-6FFD-46E9-8498-5971951324BD}.Release|x86.ActiveCfg = Release|Win32
		{9C97BF63-6FFD-46E9-8498-5971951324BD}.Release|x86.Build.0 = Release|Win32
		{98C2478D-744F-40E8-9533-37EDE62027F4}.Debug|x64.ActiveCfg = Debug|x64
		{98C2478D-744F-40E8-9533-37EDE62027F4}.Debug|x64.Build.0 = Debug|x64
		{98C2478D-744F-40E8-9533-37EDE62027F4}.Debug|x86.ActiveCfg = Debug|Win32
		{98C2478D-744F-40E8-9533-37EDE62027F4}.Debug|x86.Build.0 = Debug|Win32
		{98C2478D-744F-40E8-9533-37EDE62027F4}.Release|x64.ActiveCfg = Release|x64
		{98C2478D-744F-40E8-9533-37EDE62027F4}.Release|x64.Build.0 = Release|x64
		{98C2478D-744F-40E8-9533-37EDE62027F4}.Release|x86.ActiveCfg = Release|Win32
		{98C2478D-744F-40E8-9533-37EDE62027F4}.Release|x86.Build.0 = Release|Win32
		{41F49DA3-FAB0-46A1-B534-97487F6641DF}.Debug|x64.ActiveCfg = Debug|x64
		{41F49DA3-FAB0-46A1-B534-97487F6641DF}.Debug|x64.Build.0 = Debug|x64
		{41F49DA3-FAB0-46A1-B534-97487F6641DF}.Debug|x86.ActiveCfg = Debug|Win32
		{41F49DA3-FAB0-46A1-B534-97487F6641DF}.Debug|x86.Build.0 = Debug|Win32
		{41F49DA3-FAB0-46A1-B534-97487F6641DF}.Release|x64.ActiveCfg = Release|x64
		{41F49DA3-FAB0-46A1-B534-97487F6641DF}.Release|x64.Build.0 = Release|x64
		{41F49DA3-FAB0-46A1-B534-97487F6641DF}.Release|x86.ActiveCfg = Release|Win32
		{41F49DA3-FAB0-46A1-B534-97487F6641DF}.Release|x86.Build.0 = Release|Win32
		{C6BE3197-4908-4293-9711-960FF951535A}.Debug|x64.ActiveCfg = Debug|x64
		{C6BE3197-4908-4293-9711-960FF951535A}.Debug|x64.Build.0 = Debug|x64
		{C6BE3197-4908-4293-9711-960FF951535A}.Debug|x86.ActiveCfg = Debug|Win32
		{C6BE3197-4908-4293-9711-960FF951535A}.Debug|x86.Build.0 = Debug|Win32
		{C6BE3197-4908-4293-9711-960FF951535A}.Release|x64.ActiveCfg = Release|x64
		{C6BE3197-4908-4293-9711-960FF951535A}.Release|x64.Build.0 = Release|x64
		{C6BE3197-4908-4293-9711-960FF951535A}.Release|x86.ActiveCfg = Release|Win32
		{C6BE3197-4908-4293-9711-960FF951535A}.Release|x86.Build.0 = Release|Win32
		{29F1DE94-0E4B-4A4C-BE2E-681257482FD8}.Debug|x64.ActiveCfg = Debug|x64
		{29F1DE94-0E4B-4A4C-BE2E-681257482FD8}.Debug|x64.Build.0 = Debug|x64
		{29F1DE94-0E4B-4A4C-BE2E-681257482FD8}.Debug|x86.ActiveCfg = Debug|Win32
		{29F1DE94-0E4B-4A4C-BE2E-681257482FD8}.Debug|x86.Build.0 = Debug|Win32
		{29F1DE94-0E4B-4A4C-BE2E-681257482FD8}.Release|x64.ActiveCfg = Release|x64
		{29F1DE94-0E4B-4A4C-BE2E-681257482FD8}.Release|x64.Build.0 = Release|x64
		{29F1DE94-0E4B-4A4C-BE2E-681257482FD8}.Release|x86.ActiveCfg = Release|Win32
		{29F1DE94-0E4B-4A4C-BE2E-681257482FD8}.Release|x86.Build.0 = Release|Win32
		{F0CC74DB-9F9B-4D0F-B24B-885E4B329243}.Debug|x64.ActiveCfg = Debug|x64
		{F0CC74DB-9F9B-4D0F-B24B-885E4B329243}.Debug|x64.Build.0 = Debug|x64
		{F0CC74DB-9F9B-4D0F-B24B-885E4B329243}.Debug|x86.ActiveCfg = Debug|Win32
		{F0CC74DB-9F9B-4D0F-B24B-885E4B329243}.Debug|x86.Build.0 = Debug|Win32
		{F0CC74DB-9F9B-4D0F-B24B-885E4B329243}.Release|x64.ActiveCfg = Release|x64
		{F0CC74DB-9F9B-4D0F-B24B-885E4B329243}.Release|x64.Build.0 = Release|x64
		{F0CC74DB-9F9B-4D0F-B24B-885E4B329243}.Release|x86.ActiveCfg = Release|Win32
		{F0CC74DB-9F9B-4D0F-B24B-885E4B329243}.Release|x86.Build.0 = Release|Win32
		{DDB2D30F-943C-4D1E-8495-F7189A773CF7}.Debug|x64.ActiveCfg = Debug|x64
		{DDB2D30F-943C-4D1E-8495-F7189A773CF7}.Debug|x64.Build.0 = Debug|x64
		{DDB2D30F-943C-4D1E-8495-F7189A773CF7}.Debug|x86.ActiveCfg = Debug|Win32
		{DDB2D30F-943C-4D1E-8495-F7189A773CF7}.Debug|x86.Build.0 = Debug|Win32
		{DDB2D30F-943C-4D1E-8495-F7189A773CF7}.Release|x64.ActiveCfg = Release|x64
		{DDB2D30F-943C-4D1E-8495-F7189A773CF7}.Release|x64.Build.0 = Release|x64
		{DDB2D30F-943C-4D1E-8495-F7189A773CF7}.Release|x86.ActiveCfg = Release|Win32
		{DDB2D30F-943C-4D1E-8495-F7189A773CF7}.Release|x86.Build.0 = Release|Win32
		{4FF43F05-68A7-41AC-AC64-5848CA485735}.Debug|x64.ActiveCfg = Debug|x64
		{4FF43F05-68A7-41AC-AC64-5848CA485735}.Debug|x64.Build.0 = Debug|x64
		{4FF43F05-68A7-41AC-AC64-5848CA485735}.Debug|x86.ActiveCfg = Debug|Win32
		{4FF43F05-68A7-41AC-AC64-5848CA485735}.Debug|x86.Build.0 = Debug|Win32
		{4FF43F05-68A7-41AC-AC64-5848CA485735}.Release|x64.ActiveCfg = Release|x64
		{4FF43F05-68A7-41AC-AC64-5848CA485735}.Release|x64.Build.0 = Release|x64
		{4FF43F05-68A7-41AC-AC64-5848CA485735}.Release|x86.ActiveCfg = Release|Win32
		{4FF43F05-68A7-41AC-AC64-5848CA485735}.Release|x86.Build.0 = Release|Win32
		{F0667114-A9CD-431E-8388-C549101C77AD}.Debug|x64.ActiveCfg = Debug|x64
		{F0667114-A9CD-431E-8388-C549101C77AD}.Debug|x64.Build.0 = Debug|x64
		{F0667114-A9CD-431E-8388-C549101C77AD}.Debug|x86.ActiveCfg = Debug|Win32
		{F0667114-A9CD-431E-8388-C549101C77AD}.Debug|x86.Build.0 = Debug|Win32
		{F0667114-A9CD-431E-8388-C549101C77AD}.Release|x64.ActiveCfg = Release|x64
		{F0667114-A9CD-431E-8388-C549101C77AD}.Release|x64.Build.0 = Release|x64
		{F0667114-A9CD-431E-8388-C549101C77AD}.Release|x86.ActiveCfg = Release|Win32
		{F0667114-A9CD-431E-8388-C549101C77AD}.Release|x86.Build.0 = Release|Win32
		{0886066E-E9B6-40B4-A8C2-31A8E2E70823}.Debug|x64.ActiveCfg = Debug|x64
		{0886066E-E9B6-40B4-A8C2-31A8E2E70823}.Debug|x64.Build.0 = Debug|x64
		{0886066E-E9B6-40B4-A8C2-31A8E2E70823}.Debug|x86.ActiveCfg = Debug|Win32
		{0886066E-E9B6-40B4-A8C2-31A8E2E70823}.Debug|x86.Build.0 = Debug|Win32
		{0886066E-E9B6-40B4-A8C2-31A8E2E70823}.Release|x64.ActiveCfg = Release|x64
		{0886066E-E9B6-40B4-A8C2-31A8E2E70823}.Release|x64.Build.0 = Release|x64
		{0886066E-E9B6-40B4-A8C2-31A8E2E70823}.Release|x86.ActiveCfg = Release|Win32
		{0886066E-E9B6-40B4-A8C2-31A8E2E70823}.Release|x86.Build.0 = Release|Win32
		{401086EC-5329-4302-891E-443479F02A09}.Debug|x64.ActiveCfg = Debug|x64
		{401086EC-5329-4302-891E-443479F02A09}.Debug|x64.Build.0 = Debug|x64
		{401086EC-5329-4302-891E-443479F02A09}.Debug|x86.ActiveCfg = Debug|Win32
		{401086EC-5329-4302-891E-443479F02A09}.Debug|x86.Build.0 = Debug|Win32
		{401086EC-5329-4302-891E-443479F02A09}.Release|x64.ActiveCfg = Release|x64
		{401086EC-5329-4302-891E-443479F02A09}.Release|x64.Build.0 = Release|x64
		{401086EC-5329-4302-891E-443479F02A09}.Release|x86.ActiveCfg = Release|Win32
		{401086EC-5329-4302-891E-443479F02A09}.Release|x86.Build.0 = Release|Win32
		{B401B07C-14A4-41D0-B287-534F99862A0D}.Debug|x64.ActiveCfg = Debug|x64
		{B401B07C-14A4-41D0-B287-534F99862A0D}.Debug|x64.Build.0 = Debug|x64
		{B401B07C-14A4-41D0-B287-534F99862A0D}.Debug|x86.ActiveCfg = Debug|Win32
		{B401B07C-14A4-41D0-B287-534F99862A0D}.Debug|x86.Build.0 = Debug|Win32
		{B401B07C-14A4-41D0-B287-534F99862A0D}.Release|x64.ActiveCfg = Release|x64
		{B401B07C-14A4-41D0-B287-534F99862A0D}.Release|x64.Build.0 = Release|x64
		{B401B07C-14A4-41D0-B287-534F99862A0D}.Release|x86.ActiveCfg = Release|Win32
		{B401B07C-14A4-41D0-B287-534F99862A0D}.Release|x86.Build.0 = Release|Win32
		{A3E6E2AE-114F-4567-AB56-2D7937F2432A}.Debug|x64.ActiveCfg = Debug|x64
		{A3E6E2AE-114F-4567-AB56-2D7937F2432A}.Debug|x64.Build.0 = Debug|x64
		{A3E6E2AE-114F-4567-AB56-2D7937F2432A}.Debug|x86.ActiveCfg = Debug|Win32
		{A3E6E2AE-114F-4567-AB56-2D7937F2432A}.Debug|x86.Build.0 = Debug|Win32
		{A3E6E2AE-114F-4567-AB56-2D7937F2432A}.Release|x64.ActiveCfg = Release|x64
		{A3E6E2AE-114F-4567-AB56-2D7937F2432A}.Release|x64.Build.0 = Release|x64
		{A3E6E2AE-114F-4567-AB56-2D7937F2432A}.Release|x86.ActiveCfg = Release|Win32
		{A3E6E2AE-114F-4567-AB56-2D7937F2432A}.Release|x86.Build.0 = Release|Win32
		{2080B926-E537-4E18-81EF-B52C7EFEC351}.Debug|x64.ActiveCfg = Debug|x64
		{2080B926-E537-4E18-81EF-B52C7EFEC351}.Debug|x64.Build.0 = Debug|x64
		{2080B926-E537-4E18-81EF-B52C7EFEC351}.Debug|x86.ActiveCfg = Debug|Win32
		{2080B926-E537-4E18-81EF-B52C7EFEC351}.Debug|x86.Build.0 = Debug|Win32
		{2080B926-E537-4E18-81EF-B52C7EFEC351}.Release|x64.ActiveCfg = Release|x64
		{2080B926-E537-4E18-81EF-B52C7EFEC351}.Release|x64.Build.0 = Release|x64
		{2080B926-E537-4E18-81EF-B52C7EFEC351}.Release|x86.ActiveCfg = Release|Win32
		{2080B926-E537-4E18-81EF-B52C7EFEC351}.Release|x86.Build.0 = Release|Win32
		{DED253AA-922E-42B0-8835-0CFEF61EAD11}.Debug|x64.ActiveCfg = Debug|x64
		{DED253AA-922E-42B0-8835-0CFEF61EAD11}.Debug|x64.Build.0 = Debug|x64
		{DED253AA-922E-42B0-8835-0CFEF61EAD11}.Debug|x86.ActiveCfg = Debug|Win32
		{DED253AA-922E-42B0-8835-0CFEF61EAD11}.Debug|x86.Build.0 = Debug|Win32
		{DED253AA-922E-42B0-8835-0CFEF61EAD11}.Release|x64.ActiveCfg = Release|x64
		{DED253AA-922E-42B0-8835-0CFEF61EAD11}.Release|x64.Build.0 = Release|x64
		{DED253AA-922E-42B0-8835-0CFEF61EAD11}.Release|x86.ActiveCfg = Release|Win32
		{DED253AA-922E-42B0-8835-0CFEF61EAD11}.Release|x86.Build.0 = Release|Win32
	EndGlobalSection
	GlobalSection(SolutionProperties) = preSolution
		HideSolutionNode = FALSE
	EndGlobalSection
	GlobalSection(NestedProjects) = preSolution
		{9C97BF63-6FFD-46E9-8498-5971951324BD} = {0158940A-87A2-4A25-949D-9D8DCFFCB834}
		{98C2478D-744F-40E8-9533-37EDE62027F4} = {0158940A-87A2-4A25-949D-9D8DCFFCB834}
		{41F49DA3-FAB0-46A1-B534-97487F6641DF} = {0158940A-87A2-4A25-949D-9D8DCFFCB834}
		{C6BE3197-4908-4293-9711-960FF951535A} = {0158940A-87A2-4A25-949D-9D8DCFFCB834}
		{29F1DE94-0E4B-4A4C-BE2E-681257482FD8} = {191A2754-AB50-40F8-9450-987759668248}
		{F0CC74DB-9F9B-4D0F-B24B-885E4B329243} = {191A2754-AB50-40F8-9450-987759668248}
		{DDB2D30F-943C-4D1E-8495-F7189A773CF7} = {D27CEB08-6979-4E59-96A5-B2161D8DEAB0}
		{4FF43F05-68A7-41AC-AC64-5848CA485735} = {D27CEB08-6979-4E59-96A5-B2161D8DEAB0}
		{F0667114-A9CD-431E-8388-C549101C77AD} = {D27CEB08-6979-4E59-96A5-B2161D8DEAB0}
		{0886066E-E9B6-40B4-A8C2-31A8E2E70823} = {D27CEB08-6979-4E59-96A5-B2161D8DEAB0}
		{401086EC-5329-4302-891E-443479F02A09} = {D27CEB08-6979-4E59-96A5-B2161D8DEAB0}
		{B401B07C-14A4-41D0-B287-534F99862A0D} = {D27CEB08-6979-4E59-96A5-B2161D8DEAB0}
		{A3E6E2AE-114F-4567-AB56-2D7937F2432A} = {D27CEB08-6979-4E59-96A5-B2161D8DEAB0}
		{2080B926-E537-4E18-81EF-B52C7EFEC351} = {A368AAD2-CF1D-4311-802F-010E42340934}
		{DED253AA-922E-42B0-8835-0CFEF61EAD11} = {A368AAD2-CF1D-4311-802F-010E42340934}
	EndGlobalSection
	GlobalSection(ExtensibilityGlobals) = postSolution
		SolutionGuid = {D529919B-47AA-4B37-9976-438BBB661367}
	EndGlobalSection
EndGlobal
